
Microsoft Visual Studio Solution File, Format Version 12.00
# Visual Studio Version 16
VisualStudioVersion = 16.0.31702.278
MinimumVisualStudioVersion = 10.0.40219.1
Project("{FAE04EC0-301F-11D3-BF4B-00C04F79EFBC}") = "WpfApp2", "WpfApp2\WpfApp2.csproj", "{48772DC3-2493-48F9-8E22-ADCFDE76A07A}"
EndProject
Global
	GlobalSection(SolutionConfigurationPlatforms) = preSolution
		Debug|Any CPU = Debug|Any CPU
		Release|Any CPU = Release|Any CPU
	EndGlobalSection
	GlobalSection(ProjectConfigurationPlatforms) = postSolution
		{48772DC3-2493-48F9-8E22-ADCFDE76A07A}.Debug|Any CPU.ActiveCfg = Debug|Any CPU
		{48772DC3-2493-48F9-8E22-ADCFDE76A07A}.Debug|Any CPU.Build.0 = Debug|Any CPU
		{48772DC3-2493-48F9-8E22-ADCFDE76A07A}.Release|Any CPU.ActiveCfg = Release|Any CPU
		{48772DC3-2493-48F9-8E22-ADCFDE76A07A}.Release|Any CPU.Build.0 = Release|Any CPU
	EndGlobalSection
	GlobalSection(SolutionProperties) = preSolution
		HideSolutionNode = FALSE
	EndGlobalSection
	GlobalSection(ExtensibilityGlobals) = postSolution
		SolutionGuid = {0D48DC16-FBC4-4164-A414-4DB4488ABC1D}
	EndGlobalSection
EndGlobal
